// !$*UTF8*$!
{
	archiveVersion = 1;
	classes = {
	};
	objectVersion = 55;
	objects = {

/* Begin PBXBuildFile section */
		3F98563928874E8A00EF1CA4 /* Tests_iOS.swift in Sources */ = {isa = PBXBuildFile; fileRef = 3F98563828874E8A00EF1CA4 /* Tests_iOS.swift */; };
		3F98563B28874E8A00EF1CA4 /* Tests_iOSLaunchTests.swift in Sources */ = {isa = PBXBuildFile; fileRef = 3F98563A28874E8A00EF1CA4 /* Tests_iOSLaunchTests.swift */; };
		3F98564528874E8A00EF1CA4 /* Tests_macOS.swift in Sources */ = {isa = PBXBuildFile; fileRef = 3F98564428874E8A00EF1CA4 /* Tests_macOS.swift */; };
		3F98564728874E8A00EF1CA4 /* Tests_macOSLaunchTests.swift in Sources */ = {isa = PBXBuildFile; fileRef = 3F98564628874E8A00EF1CA4 /* Tests_macOSLaunchTests.swift */; };
		3F98564828874E8A00EF1CA4 /* Number_Recognizer_AppApp.swift in Sources */ = {isa = PBXBuildFile; fileRef = 3F98562028874E8700EF1CA4 /* Number_Recognizer_AppApp.swift */; };
		3F98564928874E8A00EF1CA4 /* Number_Recognizer_AppApp.swift in Sources */ = {isa = PBXBuildFile; fileRef = 3F98562028874E8700EF1CA4 /* Number_Recognizer_AppApp.swift */; };
		3F98564A28874E8A00EF1CA4 /* ContentView.swift in Sources */ = {isa = PBXBuildFile; fileRef = 3F98562128874E8700EF1CA4 /* ContentView.swift */; };
		3F98564B28874E8A00EF1CA4 /* ContentView.swift in Sources */ = {isa = PBXBuildFile; fileRef = 3F98562128874E8700EF1CA4 /* ContentView.swift */; };
		3F98564C28874E8A00EF1CA4 /* Assets.xcassets in Resources */ = {isa = PBXBuildFile; fileRef = 3F98562228874E8A00EF1CA4 /* Assets.xcassets */; };
		3F98564D28874E8A00EF1CA4 /* Assets.xcassets in Resources */ = {isa = PBXBuildFile; fileRef = 3F98562228874E8A00EF1CA4 /* Assets.xcassets */; };
		3F98565D28874ED100EF1CA4 /* DrawingArea.swift in Sources */ = {isa = PBXBuildFile; fileRef = 3F98565C28874ED100EF1CA4 /* DrawingArea.swift */; };
		3F98565E28874ED100EF1CA4 /* DrawingArea.swift in Sources */ = {isa = PBXBuildFile; fileRef = 3F98565C28874ED100EF1CA4 /* DrawingArea.swift */; };
		3F985660288758BF00EF1CA4 /* MNIST_IMG_RECOGNIZER.mlmodel in Sources */ = {isa = PBXBuildFile; fileRef = 3F98565F288758BF00EF1CA4 /* MNIST_IMG_RECOGNIZER.mlmodel */; };
		3F985661288758BF00EF1CA4 /* MNIST_IMG_RECOGNIZER.mlmodel in Sources */ = {isa = PBXBuildFile; fileRef = 3F98565F288758BF00EF1CA4 /* MNIST_IMG_RECOGNIZER.mlmodel */; };
/* End PBXBuildFile section */

/* Begin PBXContainerItemProxy section */
		3F98563528874E8A00EF1CA4 /* PBXContainerItemProxy */ = {
			isa = PBXContainerItemProxy;
			containerPortal = 3F98561B28874E8700EF1CA4 /* Project object */;
			proxyType = 1;
			remoteGlobalIDString = 3F98562628874E8A00EF1CA4;
			remoteInfo = "Number-Recognizer-App (iOS)";
		};
		3F98564128874E8A00EF1CA4 /* PBXContainerItemProxy */ = {
			isa = PBXContainerItemProxy;
			containerPortal = 3F98561B28874E8700EF1CA4 /* Project object */;
			proxyType = 1;
			remoteGlobalIDString = 3F98562C28874E8A00EF1CA4;
			remoteInfo = "Number-Recognizer-App (macOS)";
		};
/* End PBXContainerItemProxy section */

/* Begin PBXFileReference section */
		3F98562028874E8700EF1CA4 /* Number_Recognizer_AppApp.swift */ = {isa = PBXFileReference; lastKnownFileType = sourcecode.swift; path = Number_Recognizer_AppApp.swift; sourceTree = "<group>"; };
		3F98562128874E8700EF1CA4 /* ContentView.swift */ = {isa = PBXFileReference; lastKnownFileType = sourcecode.swift; path = ContentView.swift; sourceTree = "<group>"; };
		3F98562228874E8A00EF1CA4 /* Assets.xcassets */ = {isa = PBXFileReference; lastKnownFileType = folder.assetcatalog; path = Assets.xcassets; sourceTree = "<group>"; };
		3F98562728874E8A00EF1CA4 /* Number-Recognizer-App.app */ = {isa = PBXFileReference; explicitFileType = wrapper.application; includeInIndex = 0; path = "Number-Recognizer-App.app"; sourceTree = BUILT_PRODUCTS_DIR; };
		3F98562D28874E8A00EF1CA4 /* Number-Recognizer-App.app */ = {isa = PBXFileReference; explicitFileType = wrapper.application; includeInIndex = 0; path = "Number-Recognizer-App.app"; sourceTree = BUILT_PRODUCTS_DIR; };
		3F98562F28874E8A00EF1CA4 /* macOS.entitlements */ = {isa = PBXFileReference; lastKnownFileType = text.plist.entitlements; path = macOS.entitlements; sourceTree = "<group>"; };
		3F98563428874E8A00EF1CA4 /* Tests iOS.xctest */ = {isa = PBXFileReference; explicitFileType = wrapper.cfbundle; includeInIndex = 0; path = "Tests iOS.xctest"; sourceTree = BUILT_PRODUCTS_DIR; };
		3F98563828874E8A00EF1CA4 /* Tests_iOS.swift */ = {isa = PBXFileReference; lastKnownFileType = sourcecode.swift; path = Tests_iOS.swift; sourceTree = "<group>"; };
		3F98563A28874E8A00EF1CA4 /* Tests_iOSLaunchTests.swift */ = {isa = PBXFileReference; lastKnownFileType = sourcecode.swift; path = Tests_iOSLaunchTests.swift; sourceTree = "<group>"; };
		3F98564028874E8A00EF1CA4 /* Tests macOS.xctest */ = {isa = PBXFileReference; explicitFileType = wrapper.cfbundle; includeInIndex = 0; path = "Tests macOS.xctest"; sourceTree = BUILT_PRODUCTS_DIR; };
		3F98564428874E8A00EF1CA4 /* Tests_macOS.swift */ = {isa = PBXFileReference; lastKnownFileType = sourcecode.swift; path = Tests_macOS.swift; sourceTree = "<group>"; };
		3F98564628874E8A00EF1CA4 /* Tests_macOSLaunchTests.swift */ = {isa = PBXFileReference; lastKnownFileType = sourcecode.swift; path = Tests_macOSLaunchTests.swift; sourceTree = "<group>"; };
		3F98565C28874ED100EF1CA4 /* DrawingArea.swift */ = {isa = PBXFileReference; lastKnownFileType = sourcecode.swift; path = DrawingArea.swift; sourceTree = "<group>"; };
		3F98565F288758BF00EF1CA4 /* MNIST_IMG_RECOGNIZER.mlmodel */ = {isa = PBXFileReference; lastKnownFileType = file.mlmodel; path = MNIST_IMG_RECOGNIZER.mlmodel; sourceTree = "<group>"; };
/* End PBXFileReference section */

/* Begin PBXFrameworksBuildPhase section */
		3F98562428874E8A00EF1CA4 /* Frameworks */ = {
			isa = PBXFrameworksBuildPhase;
			buildActionMask = 2147483647;
			files = (
			);
			runOnlyForDeploymentPostprocessing = 0;
		};
		3F98562A28874E8A00EF1CA4 /* Frameworks */ = {
			isa = PBXFrameworksBuildPhase;
			buildActionMask = 2147483647;
			files = (
			);
			runOnlyForDeploymentPostprocessing = 0;
		};
		3F98563128874E8A00EF1CA4 /* Frameworks */ = {
			isa = PBXFrameworksBuildPhase;
			buildActionMask = 2147483647;
			files = (
			);
			runOnlyForDeploymentPostprocessing = 0;
		};
		3F98563D28874E8A00EF1CA4 /* Frameworks */ = {
			isa = PBXFrameworksBuildPhase;
			buildActionMask = 2147483647;
			files = (
			);
			runOnlyForDeploymentPostprocessing = 0;
		};
/* End PBXFrameworksBuildPhase section */

/* Begin PBXGroup section */
		3F98561A28874E8700EF1CA4 = {
			isa = PBXGroup;
			children = (
				3F98561F28874E8700EF1CA4 /* Shared */,
				3F98562E28874E8A00EF1CA4 /* macOS */,
				3F98563728874E8A00EF1CA4 /* Tests iOS */,
				3F98564328874E8A00EF1CA4 /* Tests macOS */,
				3F98562828874E8A00EF1CA4 /* Products */,
			);
			sourceTree = "<group>";
		};
		3F98561F28874E8700EF1CA4 /* Shared */ = {
			isa = PBXGroup;
			children = (
				3F98562028874E8700EF1CA4 /* Number_Recognizer_AppApp.swift */,
				3F98562128874E8700EF1CA4 /* ContentView.swift */,
				3F98565C28874ED100EF1CA4 /* DrawingArea.swift */,
				3F98565F288758BF00EF1CA4 /* MNIST_IMG_RECOGNIZER.mlmodel */,
				3F98562228874E8A00EF1CA4 /* Assets.xcassets */,
			);
			path = Shared;
			sourceTree = "<group>";
		};
		3F98562828874E8A00EF1CA4 /* Products */ = {
			isa = PBXGroup;
			children = (
				3F98562728874E8A00EF1CA4 /* Number-Recognizer-App.app */,
				3F98562D28874E8A00EF1CA4 /* Number-Recognizer-App.app */,
				3F98563428874E8A00EF1CA4 /* Tests iOS.xctest */,
				3F98564028874E8A00EF1CA4 /* Tests macOS.xctest */,
			);
			name = Products;
			sourceTree = "<group>";
		};
		3F98562E28874E8A00EF1CA4 /* macOS */ = {
			isa = PBXGroup;
			children = (
				3F98562F28874E8A00EF1CA4 /* macOS.entitlements */,
			);
			path = macOS;
			sourceTree = "<group>";
		};
		3F98563728874E8A00EF1CA4 /* Tests iOS */ = {
			isa = PBXGroup;
			children = (
				3F98563828874E8A00EF1CA4 /* Tests_iOS.swift */,
				3F98563A28874E8A00EF1CA4 /* Tests_iOSLaunchTests.swift */,
			);
			path = "Tests iOS";
			sourceTree = "<group>";
		};
		3F98564328874E8A00EF1CA4 /* Tests macOS */ = {
			isa = PBXGroup;
			children = (
				3F98564428874E8A00EF1CA4 /* Tests_macOS.swift */,
				3F98564628874E8A00EF1CA4 /* Tests_macOSLaunchTests.swift */,
			);
			path = "Tests macOS";
			sourceTree = "<group>";
		};
/* End PBXGroup section */

/* Begin PBXNativeTarget section */
		3F98562628874E8A00EF1CA4 /* Number-Recognizer-App (iOS) */ = {
			isa = PBXNativeTarget;
			buildConfigurationList = 3F98565028874E8A00EF1CA4 /* Build configuration list for PBXNativeTarget "Number-Recognizer-App (iOS)" */;
			buildPhases = (
				3F98562328874E8A00EF1CA4 /* Sources */,
				3F98562428874E8A00EF1CA4 /* Frameworks */,
				3F98562528874E8A00EF1CA4 /* Resources */,
			);
			buildRules = (
			);
			dependencies = (
			);
			name = "Number-Recognizer-App (iOS)";
			productName = "Number-Recognizer-App (iOS)";
			productReference = 3F98562728874E8A00EF1CA4 /* Number-Recognizer-App.app */;
			productType = "com.apple.product-type.application";
		};
		3F98562C28874E8A00EF1CA4 /* Number-Recognizer-App (macOS) */ = {
			isa = PBXNativeTarget;
			buildConfigurationList = 3F98565328874E8A00EF1CA4 /* Build configuration list for PBXNativeTarget "Number-Recognizer-App (macOS)" */;
			buildPhases = (
				3F98562928874E8A00EF1CA4 /* Sources */,
				3F98562A28874E8A00EF1CA4 /* Frameworks */,
				3F98562B28874E8A00EF1CA4 /* Resources */,
			);
			buildRules = (
			);
			dependencies = (
			);
			name = "Number-Recognizer-App (macOS)";
			productName = "Number-Recognizer-App (macOS)";
			productReference = 3F98562D28874E8A00EF1CA4 /* Number-Recognizer-App.app */;
			productType = "com.apple.product-type.application";
		};
		3F98563328874E8A00EF1CA4 /* Tests iOS */ = {
			isa = PBXNativeTarget;
			buildConfigurationList = 3F98565628874E8A00EF1CA4 /* Build configuration list for PBXNativeTarget "Tests iOS" */;
			buildPhases = (
				3F98563028874E8A00EF1CA4 /* Sources */,
				3F98563128874E8A00EF1CA4 /* Frameworks */,
				3F98563228874E8A00EF1CA4 /* Resources */,
			);
			buildRules = (
			);
			dependencies = (
				3F98563628874E8A00EF1CA4 /* PBXTargetDependency */,
			);
			name = "Tests iOS";
			productName = "Tests iOS";
			productReference = 3F98563428874E8A00EF1CA4 /* Tests iOS.xctest */;
			productType = "com.apple.product-type.bundle.ui-testing";
		};
		3F98563F28874E8A00EF1CA4 /* Tests macOS */ = {
			isa = PBXNativeTarget;
			buildConfigurationList = 3F98565928874E8A00EF1CA4 /* Build configuration list for PBXNativeTarget "Tests macOS" */;
			buildPhases = (
				3F98563C28874E8A00EF1CA4 /* Sources */,
				3F98563D28874E8A00EF1CA4 /* Frameworks */,
				3F98563E28874E8A00EF1CA4 /* Resources */,
			);
			buildRules = (
			);
			dependencies = (
				3F98564228874E8A00EF1CA4 /* PBXTargetDependency */,
			);
			name = "Tests macOS";
			productName = "Tests macOS";
			productReference = 3F98564028874E8A00EF1CA4 /* Tests macOS.xctest */;
			productType = "com.apple.product-type.bundle.ui-testing";
		};
/* End PBXNativeTarget section */

/* Begin PBXProject section */
		3F98561B28874E8700EF1CA4 /* Project object */ = {
			isa = PBXProject;
			attributes = {
				BuildIndependentTargetsInParallel = 1;
				LastSwiftUpdateCheck = 1340;
				LastUpgradeCheck = 1340;
				TargetAttributes = {
					3F98562628874E8A00EF1CA4 = {
						CreatedOnToolsVersion = 13.4.1;
					};
					3F98562C28874E8A00EF1CA4 = {
						CreatedOnToolsVersion = 13.4.1;
					};
					3F98563328874E8A00EF1CA4 = {
						CreatedOnToolsVersion = 13.4.1;
						TestTargetID = 3F98562628874E8A00EF1CA4;
					};
					3F98563F28874E8A00EF1CA4 = {
						CreatedOnToolsVersion = 13.4.1;
						TestTargetID = 3F98562C28874E8A00EF1CA4;
					};
				};
			};
			buildConfigurationList = 3F98561E28874E8700EF1CA4 /* Build configuration list for PBXProject "Number-Recognizer-App" */;
			compatibilityVersion = "Xcode 13.0";
			developmentRegion = en;
			hasScannedForEncodings = 0;
			knownRegions = (
				en,
				Base,
			);
			mainGroup = 3F98561A28874E8700EF1CA4;
			productRefGroup = 3F98562828874E8A00EF1CA4 /* Products */;
			projectDirPath = "";
			projectRoot = "";
			targets = (
				3F98562628874E8A00EF1CA4 /* Number-Recognizer-App (iOS) */,
				3F98562C28874E8A00EF1CA4 /* Number-Recognizer-App (macOS) */,
				3F98563328874E8A00EF1CA4 /* Tests iOS */,
				3F98563F28874E8A00EF1CA4 /* Tests macOS */,
			);
		};
/* End PBXProject section */

/* Begin PBXResourcesBuildPhase section */
		3F98562528874E8A00EF1CA4 /* Resources */ = {
			isa = PBXResourcesBuildPhase;
			buildActionMask = 2147483647;
			files = (
				3F98564C28874E8A00EF1CA4 /* Assets.xcassets in Resources */,
			);
			runOnlyForDeploymentPostprocessing = 0;
		};
		3F98562B28874E8A00EF1CA4 /* Resources */ = {
			isa = PBXResourcesBuildPhase;
			buildActionMask = 2147483647;
			files = (
				3F98564D28874E8A00EF1CA4 /* Assets.xcassets in Resources */,
			);
			runOnlyForDeploymentPostprocessing = 0;
		};
		3F98563228874E8A00EF1CA4 /* Resources */ = {
			isa = PBXResourcesBuildPhase;
			buildActionMask = 2147483647;
			files = (
			);
			runOnlyForDeploymentPostprocessing = 0;
		};
		3F98563E28874E8A00EF1CA4 /* Resources */ = {
			isa = PBXResourcesBuildPhase;
			buildActionMask = 2147483647;
			files = (
			);
			runOnlyForDeploymentPostprocessing = 0;
		};
/* End PBXResourcesBuildPhase section */

/* Begin PBXSourcesBuildPhase section */
		3F98562328874E8A00EF1CA4 /* Sources */ = {
			isa = PBXSourcesBuildPhase;
			buildActionMask = 2147483647;
			files = (
				3F98564A28874E8A00EF1CA4 /* ContentView.swift in Sources */,
				3F98564828874E8A00EF1CA4 /* Number_Recognizer_AppApp.swift in Sources */,
				3F985660288758BF00EF1CA4 /* MNIST_IMG_RECOGNIZER.mlmodel in Sources */,
				3F98565D28874ED100EF1CA4 /* DrawingArea.swift in Sources */,
			);
			runOnlyForDeploymentPostprocessing = 0;
		};
		3F98562928874E8A00EF1CA4 /* Sources */ = {
			isa = PBXSourcesBuildPhase;
			buildActionMask = 2147483647;
			files = (
				3F98564B28874E8A00EF1CA4 /* ContentView.swift in Sources */,
				3F98564928874E8A00EF1CA4 /* Number_Recognizer_AppApp.swift in Sources */,
				3F985661288758BF00EF1CA4 /* MNIST_IMG_RECOGNIZER.mlmodel in Sources */,
				3F98565E28874ED100EF1CA4 /* DrawingArea.swift in Sources */,
			);
			runOnlyForDeploymentPostprocessing = 0;
		};
		3F98563028874E8A00EF1CA4 /* Sources */ = {
			isa = PBXSourcesBuildPhase;
			buildActionMask = 2147483647;
			files = (
				3F98563B28874E8A00EF1CA4 /* Tests_iOSLaunchTests.swift in Sources */,
				3F98563928874E8A00EF1CA4 /* Tests_iOS.swift in Sources */,
			);
			runOnlyForDeploymentPostprocessing = 0;
		};
		3F98563C28874E8A00EF1CA4 /* Sources */ = {
			isa = PBXSourcesBuildPhase;
			buildActionMask = 2147483647;
			files = (
				3F98564728874E8A00EF1CA4 /* Tests_macOSLaunchTests.swift in Sources */,
				3F98564528874E8A00EF1CA4 /* Tests_macOS.swift in Sources */,
			);
			runOnlyForDeploymentPostprocessing = 0;
		};
/* End PBXSourcesBuildPhase section */

/* Begin PBXTargetDependency section */
		3F98563628874E8A00EF1CA4 /* PBXTargetDependency */ = {
			isa = PBXTargetDependency;
			target = 3F98562628874E8A00EF1CA4 /* Number-Recognizer-App (iOS) */;
			targetProxy = 3F98563528874E8A00EF1CA4 /* PBXContainerItemProxy */;
		};
		3F98564228874E8A00EF1CA4 /* PBXTargetDependency */ = {
			isa = PBXTargetDependency;
			target = 3F98562C28874E8A00EF1CA4 /* Number-Recognizer-App (macOS) */;
			targetProxy = 3F98564128874E8A00EF1CA4 /* PBXContainerItemProxy */;
		};
/* End PBXTargetDependency section */

/* Begin XCBuildConfiguration section */
		3F98564E28874E8A00EF1CA4 /* Debug */ = {
			isa = XCBuildConfiguration;
			buildSettings = {
				ALWAYS_SEARCH_USER_PATHS = NO;
				CLANG_ANALYZER_NONNULL = YES;
				CLANG_ANALYZER_NUMBER_OBJECT_CONVERSION = YES_AGGRESSIVE;
				CLANG_CXX_LANGUAGE_STANDARD = "gnu++17";
				CLANG_ENABLE_MODULES = YES;
				CLANG_ENABLE_OBJC_ARC = YES;
				CLANG_ENABLE_OBJC_WEAK = YES;
				CLANG_WARN_BLOCK_CAPTURE_AUTORELEASING = YES;
				CLANG_WARN_BOOL_CONVERSION = YES;
				CLANG_WARN_COMMA = YES;
				CLANG_WARN_CONSTANT_CONVERSION = YES;
				CLANG_WARN_DEPRECATED_OBJC_IMPLEMENTATIONS = YES;
				CLANG_WARN_DIRECT_OBJC_ISA_USAGE = YES_ERROR;
				CLANG_WARN_DOCUMENTATION_COMMENTS = YES;
				CLANG_WARN_EMPTY_BODY = YES;
				CLANG_WARN_ENUM_CONVERSION = YES;
				CLANG_WARN_INFINITE_RECURSION = YES;
				CLANG_WARN_INT_CONVERSION = YES;
				CLANG_WARN_NON_LITERAL_NULL_CONVERSION = YES;
				CLANG_WARN_OBJC_IMPLICIT_RETAIN_SELF = YES;
				CLANG_WARN_OBJC_LITERAL_CONVERSION = YES;
				CLANG_WARN_OBJC_ROOT_CLASS = YES_ERROR;
				CLANG_WARN_QUOTED_INCLUDE_IN_FRAMEWORK_HEADER = YES;
				CLANG_WARN_RANGE_LOOP_ANALYSIS = YES;
				CLANG_WARN_STRICT_PROTOTYPES = YES;
				CLANG_WARN_SUSPICIOUS_MOVE = YES;
				CLANG_WARN_UNGUARDED_AVAILABILITY = YES_AGGRESSIVE;
				CLANG_WARN_UNREACHABLE_CODE = YES;
				CLANG_WARN__DUPLICATE_METHOD_MATCH = YES;
				COPY_PHASE_STRIP = NO;
				DEBUG_INFORMATION_FORMAT = dwarf;
				ENABLE_STRICT_OBJC_MSGSEND = YES;
				ENABLE_TESTABILITY = YES;
				GCC_C_LANGUAGE_STANDARD = gnu11;
				GCC_DYNAMIC_NO_PIC = NO;
				GCC_NO_COMMON_BLOCKS = YES;
				GCC_OPTIMIZATION_LEVEL = 0;
				GCC_PREPROCESSOR_DEFINITIONS = (
					"DEBUG=1",
					"$(inherited)",
				);
				GCC_WARN_64_TO_32_BIT_CONVERSION = YES;
				GCC_WARN_ABOUT_RETURN_TYPE = YES_ERROR;
				GCC_WARN_UNDECLARED_SELECTOR = YES;
				GCC_WARN_UNINITIALIZED_AUTOS = YES_AGGRESSIVE;
				GCC_WARN_UNUSED_FUNCTION = YES;
				GCC_WARN_UNUSED_VARIABLE = YES;
				MTL_ENABLE_DEBUG_INFO = INCLUDE_SOURCE;
				MTL_FAST_MATH = YES;
				ONLY_ACTIVE_ARCH = YES;
				SWIFT_ACTIVE_COMPILATION_CONDITIONS = DEBUG;
				SWIFT_OPTIMIZATION_LEVEL = "-Onone";
			};
			name = Debug;
		};
		3F98564F28874E8A00EF1CA4 /* Release */ = {
			isa = XCBuildConfiguration;
			buildSettings = {
				ALWAYS_SEARCH_USER_PATHS = NO;
				CLANG_ANALYZER_NONNULL = YES;
				CLANG_ANALYZER_NUMBER_OBJECT_CONVERSION = YES_AGGRESSIVE;
				CLANG_CXX_LANGUAGE_STANDARD = "gnu++17";
				CLANG_ENABLE_MODULES = YES;
				CLANG_ENABLE_OBJC_ARC = YES;
				CLANG_ENABLE_OBJC_WEAK = YES;
				CLANG_WARN_BLOCK_CAPTURE_AUTORELEASING = YES;
				CLANG_WARN_BOOL_CONVERSION = YES;
				CLANG_WARN_COMMA = YES;
				CLANG_WARN_CONSTANT_CONVERSION = YES;
				CLANG_WARN_DEPRECATED_OBJC_IMPLEMENTATIONS = YES;
				CLANG_WARN_DIRECT_OBJC_ISA_USAGE = YES_ERROR;
				CLANG_WARN_DOCUMENTATION_COMMENTS = YES;
				CLANG_WARN_EMPTY_BODY = YES;
				CLANG_WARN_ENUM_CONVERSION = YES;
				CLANG_WARN_INFINITE_RECURSION = YES;
				CLANG_WARN_INT_CONVERSION = YES;
				CLANG_WARN_NON_LITERAL_NULL_CONVERSION = YES;
				CLANG_WARN_OBJC_IMPLICIT_RETAIN_SELF = YES;
				CLANG_WARN_OBJC_LITERAL_CONVERSION = YES;
				CLANG_WARN_OBJC_ROOT_CLASS = YES_ERROR;
				CLANG_WARN_QUOTED_INCLUDE_IN_FRAMEWORK_HEADER = YES;
				CLANG_WARN_RANGE_LOOP_ANALYSIS = YES;
				CLANG_WARN_STRICT_PROTOTYPES = YES;
				CLANG_WARN_SUSPICIOUS_MOVE = YES;
				CLANG_WARN_UNGUARDED_AVAILABILITY = YES_AGGRESSIVE;
				CLANG_WARN_UNREACHABLE_CODE = YES;
				CLANG_WARN__DUPLICATE_METHOD_MATCH = YES;
				COPY_PHASE_STRIP = NO;
				DEBUG_INFORMATION_FORMAT = "dwarf-with-dsym";
				ENABLE_NS_ASSERTIONS = NO;
				ENABLE_STRICT_OBJC_MSGSEND = YES;
				GCC_C_LANGUAGE_STANDARD = gnu11;
				GCC_NO_COMMON_BLOCKS = YES;
				GCC_WARN_64_TO_32_BIT_CONVERSION = YES;
				GCC_WARN_ABOUT_RETURN_TYPE = YES_ERROR;
				GCC_WARN_UNDECLARED_SELECTOR = YES;
				GCC_WARN_UNINITIALIZED_AUTOS = YES_AGGRESSIVE;
				GCC_WARN_UNUSED_FUNCTION = YES;
				GCC_WARN_UNUSED_VARIABLE = YES;
				MTL_ENABLE_DEBUG_INFO = NO;
				MTL_FAST_MATH = YES;
				SWIFT_COMPILATION_MODE = wholemodule;
				SWIFT_OPTIMIZATION_LEVEL = "-O";
			};
			name = Release;
		};
		3F98565128874E8A00EF1CA4 /* Debug */ = {
			isa = XCBuildConfiguration;
			buildSettings = {
				ASSETCATALOG_COMPILER_APPICON_NAME = AppIcon;
				ASSETCATALOG_COMPILER_GLOBAL_ACCENT_COLOR_NAME = AccentColor;
				CODE_SIGN_STYLE = Automatic;
				CURRENT_PROJECT_VERSION = 1;
				ENABLE_PREVIEWS = YES;
				GENERATE_INFOPLIST_FILE = YES;
				INFOPLIST_KEY_UIApplicationSceneManifest_Generation = YES;
				INFOPLIST_KEY_UIApplicationSupportsIndirectInputEvents = YES;
				INFOPLIST_KEY_UILaunchScreen_Generation = YES;
				INFOPLIST_KEY_UISupportedInterfaceOrientations_iPad = "UIInterfaceOrientationPortrait UIInterfaceOrientationPortraitUpsideDown UIInterfaceOrientationLandscapeLeft UIInterfaceOrientationLandscapeRight";
				INFOPLIST_KEY_UISupportedInterfaceOrientations_iPhone = "UIInterfaceOrientationPortrait UIInterfaceOrientationLandscapeLeft UIInterfaceOrientationLandscapeRight";
				IPHONEOS_DEPLOYMENT_TARGET = 15.5;
				LD_RUNPATH_SEARCH_PATHS = (
					"$(inherited)",
					"@executable_path/Frameworks",
				);
				MARKETING_VERSION = 1.0;
				PRODUCT_BUNDLE_IDENTIFIER = "com.TarunChawla.Number-Recognizer-App";
				PRODUCT_NAME = "Number-Recognizer-App";
				SDKROOT = iphoneos;
				SWIFT_EMIT_LOC_STRINGS = YES;
				SWIFT_VERSION = 5.0;
				TARGETED_DEVICE_FAMILY = "1,2";
			};
			name = Debug;
		};
		3F98565228874E8A00EF1CA4 /* Release */ = {
			isa = XCBuildConfiguration;
			buildSettings = {
				ASSETCATALOG_COMPILER_APPICON_NAME = AppIcon;
				ASSETCATALOG_COMPILER_GLOBAL_ACCENT_COLOR_NAME = AccentColor;
				CODE_SIGN_STYLE = Automatic;
				CURRENT_PROJECT_VERSION = 1;
				ENABLE_PREVIEWS = YES;
				GENERATE_INFOPLIST_FILE = YES;
				INFOPLIST_KEY_UIApplicationSceneManifest_Generation = YES;
				INFOPLIST_KEY_UIApplicationSupportsIndirectInputEvents = YES;
				INFOPLIST_KEY_UILaunchScreen_Generation = YES;
				INFOPLIST_KEY_UISupportedInterfaceOrientations_iPad = "UIInterfaceOrientationPortrait UIInterfaceOrientationPortraitUpsideDown UIInterfaceOrientationLandscapeLeft UIInterfaceOrientationLandscapeRight";
				INFOPLIST_KEY_UISupportedInterfaceOrientations_iPhone = "UIInterfaceOrientationPortrait UIInterfaceOrientationLandscapeLeft UIInterfaceOrientationLandscapeRight";
				IPHONEOS_DEPLOYMENT_TARGET = 15.5;
				LD_RUNPATH_SEARCH_PATHS = (
					"$(inherited)",
					"@executable_path/Frameworks",
				);
				MARKETING_VERSION = 1.0;
				PRODUCT_BUNDLE_IDENTIFIER = "com.TarunChawla.Number-Recognizer-App";
				PRODUCT_NAME = "Number-Recognizer-App";
				SDKROOT = iphoneos;
				SWIFT_EMIT_LOC_STRINGS = YES;
				SWIFT_VERSION = 5.0;
				TARGETED_DEVICE_FAMILY = "1,2";
				VALIDATE_PRODUCT = YES;
			};
			name = Release;
		};
		3F98565428874E8A00EF1CA4 /* Debug */ = {
			isa = XCBuildConfiguration;
			buildSettings = {
				ASSETCATALOG_COMPILER_APPICON_NAME = AppIcon;
				ASSETCATALOG_COMPILER_GLOBAL_ACCENT_COLOR_NAME = AccentColor;
				CODE_SIGN_ENTITLEMENTS = macOS/macOS.entitlements;
				CODE_SIGN_STYLE = Automatic;
				COMBINE_HIDPI_IMAGES = YES;
				CURRENT_PROJECT_VERSION = 1;
				ENABLE_PREVIEWS = YES;
				GENERATE_INFOPLIST_FILE = YES;
				INFOPLIST_KEY_NSHumanReadableCopyright = "";
				LD_RUNPATH_SEARCH_PATHS = (
					"$(inherited)",
					"@executable_path/../Frameworks",
				);
				MACOSX_DEPLOYMENT_TARGET = 12.3;
				MARKETING_VERSION = 1.0;
				PRODUCT_BUNDLE_IDENTIFIER = "com.TarunChawla.Number-Recognizer-App";
				PRODUCT_NAME = "Number-Recognizer-App";
				SDKROOT = macosx;
				SWIFT_EMIT_LOC_STRINGS = YES;
				SWIFT_VERSION = 5.0;
			};
			name = Debug;
		};
		3F98565528874E8A00EF1CA4 /* Release */ = {
			isa = XCBuildConfiguration;
			buildSettings = {
				ASSETCATALOG_COMPILER_APPICON_NAME = AppIcon;
				ASSETCATALOG_COMPILER_GLOBAL_ACCENT_COLOR_NAME = AccentColor;
				CODE_SIGN_ENTITLEMENTS = macOS/macOS.entitlements;
				CODE_SIGN_STYLE = Automatic;
				COMBINE_HIDPI_IMAGES = YES;
				CURRENT_PROJECT_VERSION = 1;
				ENABLE_PREVIEWS = YES;
				GENERATE_INFOPLIST_FILE = YES;
				INFOPLIST_KEY_NSHumanReadableCopyright = "";
				LD_RUNPATH_SEARCH_PATHS = (
					"$(inherited)",
					"@executable_path/../Frameworks",
				);
				MACOSX_DEPLOYMENT_TARGET = 12.3;
				MARKETING_VERSION = 1.0;
				PRODUCT_BUNDLE_IDENTIFIER = "com.TarunChawla.Number-Recognizer-App";
				PRODUCT_NAME = "Number-Recognizer-App";
				SDKROOT = macosx;
				SWIFT_EMIT_LOC_STRINGS = YES;
				SWIFT_VERSION = 5.0;
			};
			name = Release;
		};
		3F98565728874E8A00EF1CA4 /* Debug */ = {
			isa = XCBuildConfiguration;
			buildSettings = {
				ALWAYS_EMBED_SWIFT_STANDARD_LIBRARIES = YES;
				CODE_SIGN_STYLE = Automatic;
				CURRENT_PROJECT_VERSION = 1;
				GENERATE_INFOPLIST_FILE = YES;
				IPHONEOS_DEPLOYMENT_TARGET = 15.5;
				MARKETING_VERSION = 1.0;
				PRODUCT_BUNDLE_IDENTIFIER = "com.TarunChawla.Tests-iOS";
				PRODUCT_NAME = "$(TARGET_NAME)";
				SDKROOT = iphoneos;
				SWIFT_EMIT_LOC_STRINGS = NO;
				SWIFT_VERSION = 5.0;
				TARGETED_DEVICE_FAMILY = "1,2";
				TEST_TARGET_NAME = "Number-Recognizer-App (iOS)";
			};
			name = Debug;
		};
		3F98565828874E8A00EF1CA4 /* Release */ = {
			isa = XCBuildConfiguration;
			buildSettings = {
				ALWAYS_EMBED_SWIFT_STANDARD_LIBRARIES = YES;
				CODE_SIGN_STYLE = Automatic;
				CURRENT_PROJECT_VERSION = 1;
				GENERATE_INFOPLIST_FILE = YES;
				IPHONEOS_DEPLOYMENT_TARGET = 15.5;
				MARKETING_VERSION = 1.0;
				PRODUCT_BUNDLE_IDENTIFIER = "com.TarunChawla.Tests-iOS";
				PRODUCT_NAME = "$(TARGET_NAME)";
				SDKROOT = iphoneos;
				SWIFT_EMIT_LOC_STRINGS = NO;
				SWIFT_VERSION = 5.0;
				TARGETED_DEVICE_FAMILY = "1,2";
				TEST_TARGET_NAME = "Number-Recognizer-App (iOS)";
				VALIDATE_PRODUCT = YES;
			};
			name = Release;
		};
		3F98565A28874E8A00EF1CA4 /* Debug */ = {
			isa = XCBuildConfiguration;
			buildSettings = {
				ALWAYS_EMBED_SWIFT_STANDARD_LIBRARIES = YES;
				CODE_SIGN_STYLE = Automatic;
				CURRENT_PROJECT_VERSION = 1;
				GENERATE_INFOPLIST_FILE = YES;
				MACOSX_DEPLOYMENT_TARGET = 12.3;
				MARKETING_VERSION = 1.0;
				PRODUCT_BUNDLE_IDENTIFIER = "com.TarunChawla.Tests-macOS";
				PRODUCT_NAME = "$(TARGET_NAME)";
				SDKROOT = macosx;
				SWIFT_EMIT_LOC_STRINGS = NO;
				SWIFT_VERSION = 5.0;
				TEST_TARGET_NAME = "Number-Recognizer-App (macOS)";
			};
			name = Debug;
		};
		3F98565B28874E8A00EF1CA4 /* Release */ = {
			isa = XCBuildConfiguration;
			buildSettings = {
				ALWAYS_EMBED_SWIFT_STANDARD_LIBRARIES = YES;
				CODE_SIGN_STYLE = Automatic;
				CURRENT_PROJECT_VERSION = 1;
				GENERATE_INFOPLIST_FILE = YES;
				MACOSX_DEPLOYMENT_TARGET = 12.3;
				MARKETING_VERSION = 1.0;
				PRODUCT_BUNDLE_IDENTIFIER = "com.TarunChawla.Tests-macOS";
				PRODUCT_NAME = "$(TARGET_NAME)";
				SDKROOT = macosx;
				SWIFT_EMIT_LOC_STRINGS = NO;
				SWIFT_VERSION = 5.0;
				TEST_TARGET_NAME = "Number-Recognizer-App (macOS)";
			};
			name = Release;
		};
/* End XCBuildConfiguration section */

/* Begin XCConfigurationList section */
		3F98561E28874E8700EF1CA4 /* Build configuration list for PBXProject "Number-Recognizer-App" */ = {
			isa = XCConfigurationList;
			buildConfigurations = (
				3F98564E28874E8A00EF1CA4 /* Debug */,
				3F98564F28874E8A00EF1CA4 /* Release */,
			);
			defaultConfigurationIsVisible = 0;
			defaultConfigurationName = Release;
		};
		3F98565028874E8A00EF1CA4 /* Build configuration list for PBXNativeTarget "Number-Recognizer-App (iOS)" */ = {
			isa = XCConfigurationList;
			buildConfigurations = (
				3F98565128874E8A00EF1CA4 /* Debug */,
				3F98565228874E8A00EF1CA4 /* Release */,
			);
			defaultConfigurationIsVisible = 0;
			defaultConfigurationName = Release;
		};
		3F98565328874E8A00EF1CA4 /* Build configuration list for PBXNativeTarget "Number-Recognizer-App (macOS)" */ = {
			isa = XCConfigurationList;
			buildConfigurations = (
				3F98565428874E8A00EF1CA4 /* Debug */,
				3F98565528874E8A00EF1CA4 /* Release */,
			);
			defaultConfigurationIsVisible = 0;
			defaultConfigurationName = Release;
		};
		3F98565628874E8A00EF1CA4 /* Build configuration list for PBXNativeTarget "Tests iOS" */ = {
			isa = XCConfigurationList;
			buildConfigurations = (
				3F98565728874E8A00EF1CA4 /* Debug */,
				3F98565828874E8A00EF1CA4 /* Release */,
			);
			defaultConfigurationIsVisible = 0;
			defaultConfigurationName = Release;
		};
		3F98565928874E8A00EF1CA4 /* Build configuration list for PBXNativeTarget "Tests macOS" */ = {
			isa = XCConfigurationList;
			buildConfigurations = (
				3F98565A28874E8A00EF1CA4 /* Debug */,
				3F98565B28874E8A00EF1CA4 /* Release */,
			);
			defaultConfigurationIsVisible = 0;
			defaultConfigurationName = Release;
		};
/* End XCConfigurationList section */
	};
	rootObject = 3F98561B28874E8700EF1CA4 /* Project object */;
}
